// !$*UTF8*$!
{
	archiveVersion = 1;
	classes = {
	};
	objectVersion = 56;
	objects = {

/* Begin PBXBuildFile section */
		80681C3D9C910EAEDF29CA7D /* Pods_LocationFromLatLong.framework in Frameworks */ = {isa = PBXBuildFile; fileRef = 42EEF83C978F5B05CCC5DF7A /* Pods_LocationFromLatLong.framework */; };
		84B36B2B2965A7750018A273 /* AppDelegate.swift in Sources */ = {isa = PBXBuildFile; fileRef = 84B36B2A2965A7750018A273 /* AppDelegate.swift */; };
		84B36B2D2965A7750018A273 /* SceneDelegate.swift in Sources */ = {isa = PBXBuildFile; fileRef = 84B36B2C2965A7750018A273 /* SceneDelegate.swift */; };
		84B36B2F2965A7750018A273 /* ViewController.swift in Sources */ = {isa = PBXBuildFile; fileRef = 84B36B2E2965A7750018A273 /* ViewController.swift */; };
		84B36B322965A7750018A273 /* Main.storyboard in Resources */ = {isa = PBXBuildFile; fileRef = 84B36B302965A7750018A273 /* Main.storyboard */; };
		84B36B342965A7770018A273 /* Assets.xcassets in Resources */ = {isa = PBXBuildFile; fileRef = 84B36B332965A7770018A273 /* Assets.xcassets */; };
		84B36B372965A7770018A273 /* LaunchScreen.storyboard in Resources */ = {isa = PBXBuildFile; fileRef = 84B36B352965A7770018A273 /* LaunchScreen.storyboard */; };
/* End PBXBuildFile section */

/* Begin PBXFileReference section */
		42EEF83C978F5B05CCC5DF7A /* Pods_LocationFromLatLong.framework */ = {isa = PBXFileReference; explicitFileType = wrapper.framework; includeInIndex = 0; path = Pods_LocationFromLatLong.framework; sourceTree = BUILT_PRODUCTS_DIR; };
		514A2F918FE76CD24A959813 /* Pods-LocationFromLatLong.release.xcconfig */ = {isa = PBXFileReference; includeInIndex = 1; lastKnownFileType = text.xcconfig; name = "Pods-LocationFromLatLong.release.xcconfig"; path = "Target Support Files/Pods-LocationFromLatLong/Pods-LocationFromLatLong.release.xcconfig"; sourceTree = "<group>"; };
		84B36B272965A7750018A273 /* LocationFromLatLong.app */ = {isa = PBXFileReference; explicitFileType = wrapper.application; includeInIndex = 0; path = LocationFromLatLong.app; sourceTree = BUILT_PRODUCTS_DIR; };
		84B36B2A2965A7750018A273 /* AppDelegate.swift */ = {isa = PBXFileReference; lastKnownFileType = sourcecode.swift; path = AppDelegate.swift; sourceTree = "<group>"; };
		84B36B2C2965A7750018A273 /* SceneDelegate.swift */ = {isa = PBXFileReference; lastKnownFileType = sourcecode.swift; path = SceneDelegate.swift; sourceTree = "<group>"; };
		84B36B2E2965A7750018A273 /* ViewController.swift */ = {isa = PBXFileReference; lastKnownFileType = sourcecode.swift; path = ViewController.swift; sourceTree = "<group>"; };
		84B36B312965A7750018A273 /* Base */ = {isa = PBXFileReference; lastKnownFileType = file.storyboard; name = Base; path = Base.lproj/Main.storyboard; sourceTree = "<group>"; };
		84B36B332965A7770018A273 /* Assets.xcassets */ = {isa = PBXFileReference; lastKnownFileType = folder.assetcatalog; path = Assets.xcassets; sourceTree = "<group>"; };
		84B36B362965A7770018A273 /* Base */ = {isa = PBXFileReference; lastKnownFileType = file.storyboard; name = Base; path = Base.lproj/LaunchScreen.storyboard; sourceTree = "<group>"; };
		84B36B382965A7770018A273 /* Info.plist */ = {isa = PBXFileReference; lastKnownFileType = text.plist.xml; path = Info.plist; sourceTree = "<group>"; };
		BA381DF840ADE2F786E9984D /* Pods-LocationFromLatLong.debug.xcconfig */ = {isa = PBXFileReference; includeInIndex = 1; lastKnownFileType = text.xcconfig; name = "Pods-LocationFromLatLong.debug.xcconfig"; path = "Target Support Files/Pods-LocationFromLatLong/Pods-LocationFromLatLong.debug.xcconfig"; sourceTree = "<group>"; };
/* End PBXFileReference section */

/* Begin PBXFrameworksBuildPhase section */
		84B36B242965A7750018A273 /* Frameworks */ = {
			isa = PBXFrameworksBuildPhase;
			buildActionMask = 2147483647;
			files = (
				80681C3D9C910EAEDF29CA7D /* Pods_LocationFromLatLong.framework in Frameworks */,
			);
			runOnlyForDeploymentPostprocessing = 0;
		};
/* End PBXFrameworksBuildPhase section */

/* Begin PBXGroup section */
		779B78F06D166163AD6BBE20 /* Pods */ = {
			isa = PBXGroup;
			children = (
				BA381DF840ADE2F786E9984D /* Pods-LocationFromLatLong.debug.xcconfig */,
				514A2F918FE76CD24A959813 /* Pods-LocationFromLatLong.release.xcconfig */,
			);
			name = Pods;
			path = Pods;
			sourceTree = "<group>";
		};
		84B36B1E2965A7750018A273 = {
			isa = PBXGroup;
			children = (
				84B36B292965A7750018A273 /* LocationFromLatLong */,
				84B36B282965A7750018A273 /* Products */,
				779B78F06D166163AD6BBE20 /* Pods */,
				D68AF903F813A398057895D5 /* Frameworks */,
			);
			sourceTree = "<group>";
		};
		84B36B282965A7750018A273 /* Products */ = {
			isa = PBXGroup;
			children = (
				84B36B272965A7750018A273 /* LocationFromLatLong.app */,
			);
			name = Products;
			sourceTree = "<group>";
		};
		84B36B292965A7750018A273 /* LocationFromLatLong */ = {
			isa = PBXGroup;
			children = (
				84B36B2A2965A7750018A273 /* AppDelegate.swift */,
				84B36B2C2965A7750018A273 /* SceneDelegate.swift */,
				84B36B2E2965A7750018A273 /* ViewController.swift */,
				84B36B302965A7750018A273 /* Main.storyboard */,
				84B36B332965A7770018A273 /* Assets.xcassets */,
				84B36B352965A7770018A273 /* LaunchScreen.storyboard */,
				84B36B382965A7770018A273 /* Info.plist */,
			);
			path = LocationFromLatLong;
			sourceTree = "<group>";
		};
		D68AF903F813A398057895D5 /* Frameworks */ = {
			isa = PBXGroup;
			children = (
				42EEF83C978F5B05CCC5DF7A /* Pods_LocationFromLatLong.framework */,
			);
			name = Frameworks;
			sourceTree = "<group>";
		};
/* End PBXGroup section */

/* Begin PBXNativeTarget section */
		84B36B262965A7750018A273 /* LocationFromLatLong */ = {
			isa = PBXNativeTarget;
			buildConfigurationList = 84B36B3B2965A7770018A273 /* Build configuration list for PBXNativeTarget "LocationFromLatLong" */;
			buildPhases = (
				E01E02167021C871080A4610 /* [CP] Check Pods Manifest.lock */,
				84B36B232965A7750018A273 /* Sources */,
				84B36B242965A7750018A273 /* Frameworks */,
				84B36B252965A7750018A273 /* Resources */,
				235B62756E419A3879B3EC06 /* [CP] Copy Pods Resources */,
			);
			buildRules = (
			);
			dependencies = (
			);
			name = LocationFromLatLong;
			productName = LocationFromLatLong;
			productReference = 84B36B272965A7750018A273 /* LocationFromLatLong.app */;
			productType = "com.apple.product-type.application";
		};
/* End PBXNativeTarget section */

/* Begin PBXProject section */
		84B36B1F2965A7750018A273 /* Project object */ = {
			isa = PBXProject;
			attributes = {
				BuildIndependentTargetsInParallel = 1;
				LastSwiftUpdateCheck = 1400;
				LastUpgradeCheck = 1400;
				TargetAttributes = {
					84B36B262965A7750018A273 = {
						CreatedOnToolsVersion = 14.0.1;
					};
				};
			};
			buildConfigurationList = 84B36B222965A7750018A273 /* Build configuration list for PBXProject "LocationFromLatLong" */;
			compatibilityVersion = "Xcode 14.0";
			developmentRegion = en;
			hasScannedForEncodings = 0;
			knownRegions = (
				en,
				Base,
			);
			mainGroup = 84B36B1E2965A7750018A273;
			productRefGroup = 84B36B282965A7750018A273 /* Products */;
			projectDirPath = "";
			projectRoot = "";
			targets = (
				84B36B262965A7750018A273 /* LocationFromLatLong */,
			);
		};
/* End PBXProject section */

/* Begin PBXResourcesBuildPhase section */
		84B36B252965A7750018A273 /* Resources */ = {
			isa = PBXResourcesBuildPhase;
			buildActionMask = 2147483647;
			files = (
				84B36B372965A7770018A273 /* LaunchScreen.storyboard in Resources */,
				84B36B342965A7770018A273 /* Assets.xcassets in Resources */,
				84B36B322965A7750018A273 /* Main.storyboard in Resources */,
			);
			runOnlyForDeploymentPostprocessing = 0;
		};
/* End PBXResourcesBuildPhase section */

/* Begin PBXShellScriptBuildPhase section */
		235B62756E419A3879B3EC06 /* [CP] Copy Pods Resources */ = {
			isa = PBXShellScriptBuildPhase;
			buildActionMask = 2147483647;
			files = (
			);
			inputFileListPaths = (
				"${PODS_ROOT}/Target Support Files/Pods-LocationFromLatLong/Pods-LocationFromLatLong-resources-${CONFIGURATION}-input-files.xcfilelist",
			);
			name = "[CP] Copy Pods Resources";
			outputFileListPaths = (
				"${PODS_ROOT}/Target Support Files/Pods-LocationFromLatLong/Pods-LocationFromLatLong-resources-${CONFIGURATION}-output-files.xcfilelist",
			);
			runOnlyForDeploymentPostprocessing = 0;
			shellPath = /bin/sh;
			shellScript = "\"${PODS_ROOT}/Target Support Files/Pods-LocationFromLatLong/Pods-LocationFromLatLong-resources.sh\"\n";
			showEnvVarsInLog = 0;
		};
		E01E02167021C871080A4610 /* [CP] Check Pods Manifest.lock */ = {
			isa = PBXShellScriptBuildPhase;
			buildActionMask = 2147483647;
			files = (
			);
			inputFileListPaths = (
			);
			inputPaths = (
				"${PODS_PODFILE_DIR_PATH}/Podfile.lock",
				"${PODS_ROOT}/Manifest.lock",
			);
			name = "[CP] Check Pods Manifest.lock";
			outputFileListPaths = (
			);
			outputPaths = (
				"$(DERIVED_FILE_DIR)/Pods-LocationFromLatLong-checkManifestLockResult.txt",
			);
			runOnlyForDeploymentPostprocessing = 0;
			shellPath = /bin/sh;
			shellScript = "diff \"${PODS_PODFILE_DIR_PATH}/Podfile.lock\" \"${PODS_ROOT}/Manifest.lock\" > /dev/null\nif [ $? != 0 ] ; then\n    # print error to STDERR\n    echo \"error: The sandbox is not in sync with the Podfile.lock. Run 'pod install' or update your CocoaPods installation.\" >&2\n    exit 1\nfi\n# This output is used by Xcode 'outputs' to avoid re-running this script phase.\necho \"SUCCESS\" > \"${SCRIPT_OUTPUT_FILE_0}\"\n";
			showEnvVarsInLog = 0;
		};
/* End PBXShellScriptBuildPhase section */

/* Begin PBXSourcesBuildPhase section */
		84B36B232965A7750018A273 /* Sources */ = {
			isa = PBXSourcesBuildPhase;
			buildActionMask = 2147483647;
			files = (
				84B36B2F2965A7750018A273 /* ViewController.swift in Sources */,
				84B36B2B2965A7750018A273 /* AppDelegate.swift in Sources */,
				84B36B2D2965A7750018A273 /* SceneDelegate.swift in Sources */,
			);
			runOnlyForDeploymentPostprocessing = 0;
		};
/* End PBXSourcesBuildPhase section */

/* Begin PBXVariantGroup section */
		84B36B302965A7750018A273 /* Main.storyboard */ = {
			isa = PBXVariantGroup;
			children = (
				84B36B312965A7750018A273 /* Base */,
			);
			name = Main.storyboard;
			sourceTree = "<group>";
		};
		84B36B352965A7770018A273 /* LaunchScreen.storyboard */ = {
			isa = PBXVariantGroup;
			children = (
				84B36B362965A7770018A273 /* Base */,
			);
			name = LaunchScreen.storyboard;
			sourceTree = "<group>";
		};
/* End PBXVariantGroup section */

/* Begin XCBuildConfiguration section */
		84B36B392965A7770018A273 /* Debug */ = {
			isa = XCBuildConfiguration;
			buildSettings = {
				ALWAYS_SEARCH_USER_PATHS = NO;
				CLANG_ANALYZER_NONNULL = YES;
				CLANG_ANALYZER_NUMBER_OBJECT_CONVERSION = YES_AGGRESSIVE;
				CLANG_CXX_LANGUAGE_STANDARD = "gnu++20";
				CLANG_ENABLE_MODULES = YES;
				CLANG_ENABLE_OBJC_ARC = YES;
				CLANG_ENABLE_OBJC_WEAK = YES;
				CLANG_WARN_BLOCK_CAPTURE_AUTORELEASING = YES;
				CLANG_WARN_BOOL_CONVERSION = YES;
				CLANG_WARN_COMMA = YES;
				CLANG_WARN_CONSTANT_CONVERSION = YES;
				CLANG_WARN_DEPRECATED_OBJC_IMPLEMENTATIONS = YES;
				CLANG_WARN_DIRECT_OBJC_ISA_USAGE = YES_ERROR;
				CLANG_WARN_DOCUMENTATION_COMMENTS = YES;
				CLANG_WARN_EMPTY_BODY = YES;
				CLANG_WARN_ENUM_CONVERSION = YES;
				CLANG_WARN_INFINITE_RECURSION = YES;
				CLANG_WARN_INT_CONVERSION = YES;
				CLANG_WARN_NON_LITERAL_NULL_CONVERSION = YES;
				CLANG_WARN_OBJC_IMPLICIT_RETAIN_SELF = YES;
				CLANG_WARN_OBJC_LITERAL_CONVERSION = YES;
				CLANG_WARN_OBJC_ROOT_CLASS = YES_ERROR;
				CLANG_WARN_QUOTED_INCLUDE_IN_FRAMEWORK_HEADER = YES;
				CLANG_WARN_RANGE_LOOP_ANALYSIS = YES;
				CLANG_WARN_STRICT_PROTOTYPES = YES;
				CLANG_WARN_SUSPICIOUS_MOVE = YES;
				CLANG_WARN_UNGUARDED_AVAILABILITY = YES_AGGRESSIVE;
				CLANG_WARN_UNREACHABLE_CODE = YES;
				CLANG_WARN__DUPLICATE_METHOD_MATCH = YES;
				COPY_PHASE_STRIP = NO;
				DEBUG_INFORMATION_FORMAT = dwarf;
				ENABLE_STRICT_OBJC_MSGSEND = YES;
				ENABLE_TESTABILITY = YES;
				GCC_C_LANGUAGE_STANDARD = gnu11;
				GCC_DYNAMIC_NO_PIC = NO;
				GCC_NO_COMMON_BLOCKS = YES;
				GCC_OPTIMIZATION_LEVEL = 0;
				GCC_PREPROCESSOR_DEFINITIONS = (
					"DEBUG=1",
					"$(inherited)",
				);
				GCC_WARN_64_TO_32_BIT_CONVERSION = YES;
				GCC_WARN_ABOUT_RETURN_TYPE = YES_ERROR;
				GCC_WARN_UNDECLARED_SELECTOR = YES;
				GCC_WARN_UNINITIALIZED_AUTOS = YES_AGGRESSIVE;
				GCC_WARN_UNUSED_FUNCTION = YES;
				GCC_WARN_UNUSED_VARIABLE = YES;
				IPHONEOS_DEPLOYMENT_TARGET = 16.0;
				MTL_ENABLE_DEBUG_INFO = INCLUDE_SOURCE;
				MTL_FAST_MATH = YES;
				ONLY_ACTIVE_ARCH = YES;
				SDKROOT = iphoneos;
				SWIFT_ACTIVE_COMPILATION_CONDITIONS = DEBUG;
				SWIFT_OPTIMIZATION_LEVEL = "-Onone";
			};
			name = Debug;
		};
		84B36B3A2965A7770018A273 /* Release */ = {
			isa = XCBuildConfiguration;
			buildSettings = {
				ALWAYS_SEARCH_USER_PATHS = NO;
				CLANG_ANALYZER_NONNULL = YES;
				CLANG_ANALYZER_NUMBER_OBJECT_CONVERSION = YES_AGGRESSIVE;
				CLANG_CXX_LANGUAGE_STANDARD = "gnu++20";
				CLANG_ENABLE_MODULES = YES;
				CLANG_ENABLE_OBJC_ARC = YES;
				CLANG_ENABLE_OBJC_WEAK = YES;
				CLANG_WARN_BLOCK_CAPTURE_AUTORELEASING = YES;
				CLANG_WARN_BOOL_CONVERSION = YES;
				CLANG_WARN_COMMA = YES;
				CLANG_WARN_CONSTANT_CONVERSION = YES;
				CLANG_WARN_DEPRECATED_OBJC_IMPLEMENTATIONS = YES;
				CLANG_WARN_DIRECT_OBJC_ISA_USAGE = YES_ERROR;
				CLANG_WARN_DOCUMENTATION_COMMENTS = YES;
				CLANG_WARN_EMPTY_BODY = YES;
				CLANG_WARN_ENUM_CONVERSION = YES;
				CLANG_WARN_INFINITE_RECURSION = YES;
				CLANG_WARN_INT_CONVERSION = YES;
				CLANG_WARN_NON_LITERAL_NULL_CONVERSION = YES;
				CLANG_WARN_OBJC_IMPLICIT_RETAIN_SELF = YES;
				CLANG_WARN_OBJC_LITERAL_CONVERSION = YES;
				CLANG_WARN_OBJC_ROOT_CLASS = YES_ERROR;
				CLANG_WARN_QUOTED_INCLUDE_IN_FRAMEWORK_HEADER = YES;
				CLANG_WARN_RANGE_LOOP_ANALYSIS = YES;
				CLANG_WARN_STRICT_PROTOTYPES = YES;
				CLANG_WARN_SUSPICIOUS_MOVE = YES;
				CLANG_WARN_UNGUARDED_AVAILABILITY = YES_AGGRESSIVE;
				CLANG_WARN_UNREACHABLE_CODE = YES;
				CLANG_WARN__DUPLICATE_METHOD_MATCH = YES;
				COPY_PHASE_STRIP = NO;
				DEBUG_INFORMATION_FORMAT = "dwarf-with-dsym";
				ENABLE_NS_ASSERTIONS = NO;
				ENABLE_STRICT_OBJC_MSGSEND = YES;
				GCC_C_LANGUAGE_STANDARD = gnu11;
				GCC_NO_COMMON_BLOCKS = YES;
				GCC_WARN_64_TO_32_BIT_CONVERSION = YES;
				GCC_WARN_ABOUT_RETURN_TYPE = YES_ERROR;
				GCC_WARN_UNDECLARED_SELECTOR = YES;
				GCC_WARN_UNINITIALIZED_AUTOS = YES_AGGRESSIVE;
				GCC_WARN_UNUSED_FUNCTION = YES;
				GCC_WARN_UNUSED_VARIABLE = YES;
				IPHONEOS_DEPLOYMENT_TARGET = 16.0;
				MTL_ENABLE_DEBUG_INFO = NO;
				MTL_FAST_MATH = YES;
				SDKROOT = iphoneos;
				SWIFT_COMPILATION_MODE = wholemodule;
				SWIFT_OPTIMIZATION_LEVEL = "-O";
				VALIDATE_PRODUCT = YES;
			};
			name = Release;
		};
		84B36B3C2965A7770018A273 /* Debug */ = {
			isa = XCBuildConfiguration;
			baseConfigurationReference = BA381DF840ADE2F786E9984D /* Pods-LocationFromLatLong.debug.xcconfig */;
			buildSettings = {
				ASSETCATALOG_COMPILER_APPICON_NAME = AppIcon;
				ASSETCATALOG_COMPILER_GLOBAL_ACCENT_COLOR_NAME = AccentColor;
				CODE_SIGN_STYLE = Automatic;
				CURRENT_PROJECT_VERSION = 1;
				DEVELOPMENT_TEAM = PD8H5H6397;
				GENERATE_INFOPLIST_FILE = YES;
				INFOPLIST_FILE = LocationFromLatLong/Info.plist;
				INFOPLIST_KEY_UIApplicationSupportsIndirectInputEvents = YES;
				INFOPLIST_KEY_UILaunchStoryboardName = LaunchScreen;
				INFOPLIST_KEY_UIMainStoryboardFile = Main;
				INFOPLIST_KEY_UISupportedInterfaceOrientations_iPad = "UIInterfaceOrientationPortrait UIInterfaceOrientationPortraitUpsideDown UIInterfaceOrientationLandscapeLeft UIInterfaceOrientationLandscapeRight";
				INFOPLIST_KEY_UISupportedInterfaceOrientations_iPhone = "UIInterfaceOrientationPortrait UIInterfaceOrientationLandscapeLeft UIInterfaceOrientationLandscapeRight";
				LD_RUNPATH_SEARCH_PATHS = (
					"$(inherited)",
					"@executable_path/Frameworks",
				);
				MARKETING_VERSION = 1.0;
				PRODUCT_BUNDLE_IDENTIFIER = com.ganesh.test.LocationFromLatLong;
				PRODUCT_NAME = "$(TARGET_NAME)";
				SWIFT_EMIT_LOC_STRINGS = YES;
				SWIFT_VERSION = 5.0;
				TARGETED_DEVICE_FAMILY = "1,2";
			};
			name = Debug;
		};
		84B36B3D2965A7770018A273 /* Release */ = {
			isa = XCBuildConfiguration;
			baseConfigurationReference = 514A2F918FE76CD24A959813 /* Pods-LocationFromLatLong.release.xcconfig */;
			buildSettings = {
				ASSETCATALOG_COMPILER_APPICON_NAME = AppIcon;
				ASSETCATALOG_COMPILER_GLOBAL_ACCENT_COLOR_NAME = AccentColor;
				CODE_SIGN_STYLE = Automatic;
				CURRENT_PROJECT_VERSION = 1;
				DEVELOPMENT_TEAM = PD8H5H6397;
				GENERATE_INFOPLIST_FILE = YES;
				INFOPLIST_FILE = LocationFromLatLong/Info.plist;
				INFOPLIST_KEY_UIApplicationSupportsIndirectInputEvents = YES;
				INFOPLIST_KEY_UILaunchStoryboardName = LaunchScreen;
				INFOPLIST_KEY_UIMainStoryboardFile = Main;
				INFOPLIST_KEY_UISupportedInterfaceOrientations_iPad = "UIInterfaceOrientationPortrait UIInterfaceOrientationPortraitUpsideDown UIInterfaceOrientationLandscapeLeft UIInterfaceOrientationLandscapeRight";
				INFOPLIST_KEY_UISupportedInterfaceOrientations_iPhone = "UIInterfaceOrientationPortrait UIInterfaceOrientationLandscapeLeft UIInterfaceOrientationLandscapeRight";
				LD_RUNPATH_SEARCH_PATHS = (
					"$(inherited)",
					"@executable_path/Frameworks",
				);
				MARKETING_VERSION = 1.0;
				PRODUCT_BUNDLE_IDENTIFIER = com.ganesh.test.LocationFromLatLong;
				PRODUCT_NAME = "$(TARGET_NAME)";
				SWIFT_EMIT_LOC_STRINGS = YES;
				SWIFT_VERSION = 5.0;
				TARGETED_DEVICE_FAMILY = "1,2";
			};
			name = Release;
		};
/* End XCBuildConfiguration section */

/* Begin XCConfigurationList section */
		84B36B222965A7750018A273 /* Build configuration list for PBXProject "LocationFromLatLong" */ = {
			isa = XCConfigurationList;
			buildConfigurations = (
				84B36B392965A7770018A273 /* Debug */,
				84B36B3A2965A7770018A273 /* Release */,
			);
			defaultConfigurationIsVisible = 0;
			defaultConfigurationName = Release;
		};
		84B36B3B2965A7770018A273 /* Build configuration list for PBXNativeTarget "LocationFromLatLong" */ = {
			isa = XCConfigurationList;
			buildConfigurations = (
				84B36B3C2965A7770018A273 /* Debug */,
				84B36B3D2965A7770018A273 /* Release */,
			);
			defaultConfigurationIsVisible = 0;
			defaultConfigurationName = Release;
		};
/* End XCConfigurationList section */
	};
	rootObject = 84B36B1F2965A7750018A273 /* Project object */;
}
